
Microsoft Visual Studio Solution File, Format Version 12.00
# Visual Studio Version 16
VisualStudioVersion = 16.0.30517.126
MinimumVisualStudioVersion = 10.0.40219.1
Project("{2150E333-8FDC-42A3-9474-1A3956D46DE8}") = "src", "src", "{0785A907-B5C6-493E-B46D-213FD7B4B480}"
	ProjectSection(SolutionItems) = preProject
		.gitignore = .gitignore
	EndProjectSection
EndProject
Project("{2150E333-8FDC-42A3-9474-1A3956D46DE8}") = "Catalog", "Catalog", "{8EAA894C-512A-428E-96DE-A072F56D807C}"
	ProjectSection(SolutionItems) = preProject
		.gitignore = .gitignore
	EndProjectSection
EndProject
Project("{FAE04EC0-301F-11D3-BF4B-00C04F79EFBC}") = "Catalog.API", "src\Catalog\Catalog.API\Catalog.API.csproj", "{C64E9BA2-D664-4AE8-8C0D-300264E60673}"
EndProject
Project("{E53339B2-1760-4266-BCC7-CA923CBCF16C}") = "docker-compose", "docker-compose.dcproj", "{D7AC4332-AFB3-44F5-A00E-8A9069B74E3A}"
EndProject
Project("{2150E333-8FDC-42A3-9474-1A3956D46DE8}") = "Basket", "Basket", "{A763E49C-99EB-4C78-837A-2A08850D3BFE}"
EndProject
Project("{FAE04EC0-301F-11D3-BF4B-00C04F79EFBC}") = "Basket.API", "src\Basket\Basket.API\Basket.API.csproj", "{4CEE9D6C-5C59-4E0E-B6EB-61B90A156DF6}"
EndProject
Global
	GlobalSection(SolutionConfigurationPlatforms) = preSolution
		Debug|Any CPU = Debug|Any CPU
		Release|Any CPU = Release|Any CPU
	EndGlobalSection
	GlobalSection(ProjectConfigurationPlatforms) = postSolution
		{C64E9BA2-D664-4AE8-8C0D-300264E60673}.Debug|Any CPU.ActiveCfg = Debug|Any CPU
		{C64E9BA2-D664-4AE8-8C0D-300264E60673}.Debug|Any CPU.Build.0 = Debug|Any CPU
		{C64E9BA2-D664-4AE8-8C0D-300264E60673}.Release|Any CPU.ActiveCfg = Release|Any CPU
		{C64E9BA2-D664-4AE8-8C0D-300264E60673}.Release|Any CPU.Build.0 = Release|Any CPU
		{D7AC4332-AFB3-44F5-A00E-8A9069B74E3A}.Debug|Any CPU.ActiveCfg = Debug|Any CPU
		{D7AC4332-AFB3-44F5-A00E-8A9069B74E3A}.Debug|Any CPU.Build.0 = Debug|Any CPU
		{D7AC4332-AFB3-44F5-A00E-8A9069B74E3A}.Release|Any CPU.ActiveCfg = Release|Any CPU
		{D7AC4332-AFB3-44F5-A00E-8A9069B74E3A}.Release|Any CPU.Build.0 = Release|Any CPU
		{4CEE9D6C-5C59-4E0E-B6EB-61B90A156DF6}.Debug|Any CPU.ActiveCfg = Debug|Any CPU
		{4CEE9D6C-5C59-4E0E-B6EB-61B90A156DF6}.Debug|Any CPU.Build.0 = Debug|Any CPU
		{4CEE9D6C-5C59-4E0E-B6EB-61B90A156DF6}.Release|Any CPU.ActiveCfg = Release|Any CPU
		{4CEE9D6C-5C59-4E0E-B6EB-61B90A156DF6}.Release|Any CPU.Build.0 = Release|Any CPU
	EndGlobalSection
	GlobalSection(SolutionProperties) = preSolution
		HideSolutionNode = FALSE
	EndGlobalSection
	GlobalSection(NestedProjects) = preSolution
		{8EAA894C-512A-428E-96DE-A072F56D807C} = {0785A907-B5C6-493E-B46D-213FD7B4B480}
		{C64E9BA2-D664-4AE8-8C0D-300264E60673} = {8EAA894C-512A-428E-96DE-A072F56D807C}
		{A763E49C-99EB-4C78-837A-2A08850D3BFE} = {0785A907-B5C6-493E-B46D-213FD7B4B480}
		{4CEE9D6C-5C59-4E0E-B6EB-61B90A156DF6} = {A763E49C-99EB-4C78-837A-2A08850D3BFE}
	EndGlobalSection
	GlobalSection(ExtensibilityGlobals) = postSolution
		SolutionGuid = {EB29694F-DF79-49DB-B2C2-5374E3FD3DB4}
	EndGlobalSection
EndGlobal
