
Microsoft Visual Studio Solution File, Format Version 12.00
# Visual Studio Version 16
VisualStudioVersion = 16.0.30517.126
MinimumVisualStudioVersion = 10.0.40219.1
Project("{2150E333-8FDC-42A3-9474-1A3956D46DE8}") = "src", "src", "{0785A907-B5C6-493E-B46D-213FD7B4B480}"
	ProjectSection(SolutionItems) = preProject
		.gitignore = .gitignore
	EndProjectSection
EndProject
Project("{2150E333-8FDC-42A3-9474-1A3956D46DE8}") = "Catalog", "Catalog", "{8EAA894C-512A-428E-96DE-A072F56D807C}"
	ProjectSection(SolutionItems) = preProject
		.gitignore = .gitignore
	EndProjectSection
EndProject
Project("{9A19103F-16F7-4668-BE54-9A1E7A4F7556}") = "Catalog.API", "src\Catalog\Catalog.API\Catalog.API.csproj", "{C64E9BA2-D664-4AE8-8C0D-300264E60673}"
EndProject
Project("{E53339B2-1760-4266-BCC7-CA923CBCF16C}") = "docker-compose", "docker-compose.dcproj", "{D7AC4332-AFB3-44F5-A00E-8A9069B74E3A}"
EndProject
Project("{2150E333-8FDC-42A3-9474-1A3956D46DE8}") = "Basket", "Basket", "{A763E49C-99EB-4C78-837A-2A08850D3BFE}"
EndProject
Project("{9A19103F-16F7-4668-BE54-9A1E7A4F7556}") = "Basket.API", "src\Basket\Basket.API\Basket.API.csproj", "{4CEE9D6C-5C59-4E0E-B6EB-61B90A156DF6}"
EndProject
Project("{2150E333-8FDC-42A3-9474-1A3956D46DE8}") = "Common", "Common", "{25C00804-3DEE-4EAA-973A-68AFFAAF0954}"
EndProject
Project("{9A19103F-16F7-4668-BE54-9A1E7A4F7556}") = "EventBusRabbitMQ", "src\common\EventBusRabbitMQ\EventBusRabbitMQ.csproj", "{6423F32D-556A-41E7-8706-B8526AE2EC46}"
EndProject
Project("{2150E333-8FDC-42A3-9474-1A3956D46DE8}") = "Ordering", "Ordering", "{344C648C-5483-41C3-9471-C9198403D596}"
EndProject
Project("{9A19103F-16F7-4668-BE54-9A1E7A4F7556}") = "Ordering.API", "src\Ordering\Ordering.API\Ordering.API.csproj", "{E23C4178-0C16-4852-86B9-989E7A38FCB1}"
EndProject
Project("{9A19103F-16F7-4668-BE54-9A1E7A4F7556}") = "Ordering.Core", "src\Ordering\Ordering.Core\Ordering.Core.csproj", "{1197045E-F243-40F3-8F73-69A14B41A5C1}"
EndProject
Project("{9A19103F-16F7-4668-BE54-9A1E7A4F7556}") = "Ordering.Infrastructure", "src\Ordering\Ordering.Infrastructure\Ordering.Infrastructure.csproj", "{63507B52-04C5-4B6A-B986-5F38D1E3F367}"
EndProject
Project("{9A19103F-16F7-4668-BE54-9A1E7A4F7556}") = "Ordering.Application", "src\Ordering\Ordering.Application\Ordering.Application.csproj", "{4C003173-099D-44C0-99F0-D1033B288B27}"
EndProject
Project("{2150E333-8FDC-42A3-9474-1A3956D46DE8}") = "ApiGateways", "ApiGateways", "{10493F56-6A94-491D-8279-1D18A774D47C}"
EndProject
Project("{9A19103F-16F7-4668-BE54-9A1E7A4F7556}") = "APIGateway", "src\APIGateways\APIGateway\APIGateway.csproj", "{3FA42D7A-B438-4FD5-82F1-37BDA62C82C1}"
EndProject
Project("{2150E333-8FDC-42A3-9474-1A3956D46DE8}") = "WebPage", "WebPage", "{612BA28A-B428-4144-97B9-7B79E9A3ED9C}"
EndProject
Project("{9A19103F-16F7-4668-BE54-9A1E7A4F7556}") = "WebPage", "src\WebApp\WebPage\WebPage.csproj", "{31345ED4-F874-4858-B721-766B15C7C2C1}"
EndProject
Global
	GlobalSection(SolutionConfigurationPlatforms) = preSolution
		Debug|Any CPU = Debug|Any CPU
		Release|Any CPU = Release|Any CPU
	EndGlobalSection
	GlobalSection(ProjectConfigurationPlatforms) = postSolution
		{C64E9BA2-D664-4AE8-8C0D-300264E60673}.Debug|Any CPU.ActiveCfg = Debug|Any CPU
		{C64E9BA2-D664-4AE8-8C0D-300264E60673}.Debug|Any CPU.Build.0 = Debug|Any CPU
		{C64E9BA2-D664-4AE8-8C0D-300264E60673}.Release|Any CPU.ActiveCfg = Release|Any CPU
		{C64E9BA2-D664-4AE8-8C0D-300264E60673}.Release|Any CPU.Build.0 = Release|Any CPU
		{D7AC4332-AFB3-44F5-A00E-8A9069B74E3A}.Debug|Any CPU.ActiveCfg = Debug|Any CPU
		{D7AC4332-AFB3-44F5-A00E-8A9069B74E3A}.Debug|Any CPU.Build.0 = Debug|Any CPU
		{D7AC4332-AFB3-44F5-A00E-8A9069B74E3A}.Release|Any CPU.ActiveCfg = Release|Any CPU
		{D7AC4332-AFB3-44F5-A00E-8A9069B74E3A}.Release|Any CPU.Build.0 = Release|Any CPU
		{4CEE9D6C-5C59-4E0E-B6EB-61B90A156DF6}.Debug|Any CPU.ActiveCfg = Debug|Any CPU
		{4CEE9D6C-5C59-4E0E-B6EB-61B90A156DF6}.Debug|Any CPU.Build.0 = Debug|Any CPU
		{4CEE9D6C-5C59-4E0E-B6EB-61B90A156DF6}.Release|Any CPU.ActiveCfg = Release|Any CPU
		{4CEE9D6C-5C59-4E0E-B6EB-61B90A156DF6}.Release|Any CPU.Build.0 = Release|Any CPU
		{6423F32D-556A-41E7-8706-B8526AE2EC46}.Debug|Any CPU.ActiveCfg = Debug|Any CPU
		{6423F32D-556A-41E7-8706-B8526AE2EC46}.Debug|Any CPU.Build.0 = Debug|Any CPU
		{6423F32D-556A-41E7-8706-B8526AE2EC46}.Release|Any CPU.ActiveCfg = Release|Any CPU
		{6423F32D-556A-41E7-8706-B8526AE2EC46}.Release|Any CPU.Build.0 = Release|Any CPU
		{E23C4178-0C16-4852-86B9-989E7A38FCB1}.Debug|Any CPU.ActiveCfg = Debug|Any CPU
		{E23C4178-0C16-4852-86B9-989E7A38FCB1}.Debug|Any CPU.Build.0 = Debug|Any CPU
		{E23C4178-0C16-4852-86B9-989E7A38FCB1}.Release|Any CPU.ActiveCfg = Release|Any CPU
		{E23C4178-0C16-4852-86B9-989E7A38FCB1}.Release|Any CPU.Build.0 = Release|Any CPU
		{1197045E-F243-40F3-8F73-69A14B41A5C1}.Debug|Any CPU.ActiveCfg = Debug|Any CPU
		{1197045E-F243-40F3-8F73-69A14B41A5C1}.Debug|Any CPU.Build.0 = Debug|Any CPU
		{1197045E-F243-40F3-8F73-69A14B41A5C1}.Release|Any CPU.ActiveCfg = Release|Any CPU
		{1197045E-F243-40F3-8F73-69A14B41A5C1}.Release|Any CPU.Build.0 = Release|Any CPU
		{63507B52-04C5-4B6A-B986-5F38D1E3F367}.Debug|Any CPU.ActiveCfg = Debug|Any CPU
		{63507B52-04C5-4B6A-B986-5F38D1E3F367}.Debug|Any CPU.Build.0 = Debug|Any CPU
		{63507B52-04C5-4B6A-B986-5F38D1E3F367}.Release|Any CPU.ActiveCfg = Release|Any CPU
		{63507B52-04C5-4B6A-B986-5F38D1E3F367}.Release|Any CPU.Build.0 = Release|Any CPU
		{4C003173-099D-44C0-99F0-D1033B288B27}.Debug|Any CPU.ActiveCfg = Debug|Any CPU
		{4C003173-099D-44C0-99F0-D1033B288B27}.Debug|Any CPU.Build.0 = Debug|Any CPU
		{4C003173-099D-44C0-99F0-D1033B288B27}.Release|Any CPU.ActiveCfg = Release|Any CPU
		{4C003173-099D-44C0-99F0-D1033B288B27}.Release|Any CPU.Build.0 = Release|Any CPU
		{3FA42D7A-B438-4FD5-82F1-37BDA62C82C1}.Debug|Any CPU.ActiveCfg = Debug|Any CPU
		{3FA42D7A-B438-4FD5-82F1-37BDA62C82C1}.Debug|Any CPU.Build.0 = Debug|Any CPU
		{3FA42D7A-B438-4FD5-82F1-37BDA62C82C1}.Release|Any CPU.ActiveCfg = Release|Any CPU
		{3FA42D7A-B438-4FD5-82F1-37BDA62C82C1}.Release|Any CPU.Build.0 = Release|Any CPU
		{31345ED4-F874-4858-B721-766B15C7C2C1}.Debug|Any CPU.ActiveCfg = Debug|Any CPU
		{31345ED4-F874-4858-B721-766B15C7C2C1}.Debug|Any CPU.Build.0 = Debug|Any CPU
		{31345ED4-F874-4858-B721-766B15C7C2C1}.Release|Any CPU.ActiveCfg = Release|Any CPU
		{31345ED4-F874-4858-B721-766B15C7C2C1}.Release|Any CPU.Build.0 = Release|Any CPU
	EndGlobalSection
	GlobalSection(SolutionProperties) = preSolution
		HideSolutionNode = FALSE
	EndGlobalSection
	GlobalSection(NestedProjects) = preSolution
		{8EAA894C-512A-428E-96DE-A072F56D807C} = {0785A907-B5C6-493E-B46D-213FD7B4B480}
		{C64E9BA2-D664-4AE8-8C0D-300264E60673} = {8EAA894C-512A-428E-96DE-A072F56D807C}
		{A763E49C-99EB-4C78-837A-2A08850D3BFE} = {0785A907-B5C6-493E-B46D-213FD7B4B480}
		{4CEE9D6C-5C59-4E0E-B6EB-61B90A156DF6} = {A763E49C-99EB-4C78-837A-2A08850D3BFE}
		{25C00804-3DEE-4EAA-973A-68AFFAAF0954} = {0785A907-B5C6-493E-B46D-213FD7B4B480}
		{6423F32D-556A-41E7-8706-B8526AE2EC46} = {25C00804-3DEE-4EAA-973A-68AFFAAF0954}
		{344C648C-5483-41C3-9471-C9198403D596} = {0785A907-B5C6-493E-B46D-213FD7B4B480}
		{E23C4178-0C16-4852-86B9-989E7A38FCB1} = {344C648C-5483-41C3-9471-C9198403D596}
		{1197045E-F243-40F3-8F73-69A14B41A5C1} = {344C648C-5483-41C3-9471-C9198403D596}
		{63507B52-04C5-4B6A-B986-5F38D1E3F367} = {344C648C-5483-41C3-9471-C9198403D596}
		{4C003173-099D-44C0-99F0-D1033B288B27} = {344C648C-5483-41C3-9471-C9198403D596}
		{10493F56-6A94-491D-8279-1D18A774D47C} = {0785A907-B5C6-493E-B46D-213FD7B4B480}
		{3FA42D7A-B438-4FD5-82F1-37BDA62C82C1} = {10493F56-6A94-491D-8279-1D18A774D47C}
		{612BA28A-B428-4144-97B9-7B79E9A3ED9C} = {0785A907-B5C6-493E-B46D-213FD7B4B480}
		{31345ED4-F874-4858-B721-766B15C7C2C1} = {612BA28A-B428-4144-97B9-7B79E9A3ED9C}
	EndGlobalSection
	GlobalSection(ExtensibilityGlobals) = postSolution
		SolutionGuid = {EB29694F-DF79-49DB-B2C2-5374E3FD3DB4}
	EndGlobalSection
EndGlobal
